
Microsoft Visual Studio Solution File, Format Version 12.00
# Visual Studio Version 17
VisualStudioVersion = 17.3.32804.467
MinimumVisualStudioVersion = 10.0.40219.1
Project("{FAE04EC0-301F-11D3-BF4B-00C04F79EFBC}") = "WinService01", "WinService01\WinService01.csproj", "{A1624C64-ECA6-45FF-9FBF-36C448397EC2}"
EndProject
Global
	GlobalSection(SolutionConfigurationPlatforms) = preSolution
		Debug|Any CPU = Debug|Any CPU
		Release|Any CPU = Release|Any CPU
	EndGlobalSection
	GlobalSection(ProjectConfigurationPlatforms) = postSolution
		{A1624C64-ECA6-45FF-9FBF-36C448397EC2}.Debug|Any CPU.ActiveCfg = Debug|Any CPU
		{A1624C64-ECA6-45FF-9FBF-36C448397EC2}.Debug|Any CPU.Build.0 = Debug|Any CPU
		{A1624C64-ECA6-45FF-9FBF-36C448397EC2}.Release|Any CPU.ActiveCfg = Release|Any CPU
		{A1624C64-ECA6-45FF-9FBF-36C448397EC2}.Release|Any CPU.Build.0 = Release|Any CPU
	EndGlobalSection
	GlobalSection(SolutionProperties) = preSolution
		HideSolutionNode = FALSE
	EndGlobalSection
	GlobalSection(ExtensibilityGlobals) = postSolution
		SolutionGuid = {DC01E8FB-7E9C-4371-9CD2-5EAAF6C9CD74}
	EndGlobalSection
EndGlobal
